
Microsoft Visual Studio Solution File, Format Version 12.00
# Visual Studio Version 17
VisualStudioVersion = 17.0.31903.59
MinimumVisualStudioVersion = 10.0.40219.1
Project("{FAE04EC0-301F-11D3-BF4B-00C04F79EFBC}") = "Invoices", "src\Invoices\Invoices.csproj", "{0705B8AB-6B44-790D-049E-023F9FE15EF9}"
EndProject
Project("{FAE04EC0-301F-11D3-BF4B-00C04F79EFBC}") = "Orders", "src\Orders\Orders.csproj", "{1DCC03AD-85CE-8A0A-44B7-F359E11CFCA1}"
EndProject
Project("{FAE04EC0-301F-11D3-BF4B-00C04F79EFBC}") = "Tasks", "src\Tasks\Tasks.csproj", "{6815BB9C-FA54-77C2-1D26-A16E34D4DB68}"
EndProject
Project("{2150E333-8FDC-42A3-9474-1A3956D46DE8}") = "src", "src", "{827E0CD3-B72D-47B6-A68D-7590B98EB39B}"
EndProject
Project("{2150E333-8FDC-42A3-9474-1A3956D46DE8}") = "AppHost", "AppHost", "{63882A7C-90E5-DEE3-63BB-E6ABDBC8A365}"
EndProject
Project("{FAE04EC0-301F-11D3-BF4B-00C04F79EFBC}") = "MMLib.TestWorkflowEngine.AppHost", "src\AppHost\MMLib.TestWorkflowEngine.AppHost.csproj", "{A3626C33-515F-41F2-9DFF-0746989D8D39}"
EndProject
Project("{FAE04EC0-301F-11D3-BF4B-00C04F79EFBC}") = "MMLib.TestWorkflowEngine.ServiceDefaults", "src\ServiceDefaults\MMLib.TestWorkflowEngine.ServiceDefaults.csproj", "{844AD025-C834-49EE-B916-F184970030A8}"
EndProject
Global
	GlobalSection(SolutionConfigurationPlatforms) = preSolution
		Debug|Any CPU = Debug|Any CPU
		Debug|x64 = Debug|x64
		Debug|x86 = Debug|x86
		Release|Any CPU = Release|Any CPU
		Release|x64 = Release|x64
		Release|x86 = Release|x86
	EndGlobalSection
	GlobalSection(ProjectConfigurationPlatforms) = postSolution
		{0705B8AB-6B44-790D-049E-023F9FE15EF9}.Debug|Any CPU.ActiveCfg = Debug|Any CPU
		{0705B8AB-6B44-790D-049E-023F9FE15EF9}.Debug|Any CPU.Build.0 = Debug|Any CPU
		{0705B8AB-6B44-790D-049E-023F9FE15EF9}.Debug|x64.ActiveCfg = Debug|Any CPU
		{0705B8AB-6B44-790D-049E-023F9FE15EF9}.Debug|x64.Build.0 = Debug|Any CPU
		{0705B8AB-6B44-790D-049E-023F9FE15EF9}.Debug|x86.ActiveCfg = Debug|Any CPU
		{0705B8AB-6B44-790D-049E-023F9FE15EF9}.Debug|x86.Build.0 = Debug|Any CPU
		{0705B8AB-6B44-790D-049E-023F9FE15EF9}.Release|Any CPU.ActiveCfg = Release|Any CPU
		{0705B8AB-6B44-790D-049E-023F9FE15EF9}.Release|Any CPU.Build.0 = Release|Any CPU
		{0705B8AB-6B44-790D-049E-023F9FE15EF9}.Release|x64.ActiveCfg = Release|Any CPU
		{0705B8AB-6B44-790D-049E-023F9FE15EF9}.Release|x64.Build.0 = Release|Any CPU
		{0705B8AB-6B44-790D-049E-023F9FE15EF9}.Release|x86.ActiveCfg = Release|Any CPU
		{0705B8AB-6B44-790D-049E-023F9FE15EF9}.Release|x86.Build.0 = Release|Any CPU
		{1DCC03AD-85CE-8A0A-44B7-F359E11CFCA1}.Debug|Any CPU.ActiveCfg = Debug|Any CPU
		{1DCC03AD-85CE-8A0A-44B7-F359E11CFCA1}.Debug|Any CPU.Build.0 = Debug|Any CPU
		{1DCC03AD-85CE-8A0A-44B7-F359E11CFCA1}.Debug|x64.ActiveCfg = Debug|Any CPU
		{1DCC03AD-85CE-8A0A-44B7-F359E11CFCA1}.Debug|x64.Build.0 = Debug|Any CPU
		{1DCC03AD-85CE-8A0A-44B7-F359E11CFCA1}.Debug|x86.ActiveCfg = Debug|Any CPU
		{1DCC03AD-85CE-8A0A-44B7-F359E11CFCA1}.Debug|x86.Build.0 = Debug|Any CPU
		{1DCC03AD-85CE-8A0A-44B7-F359E11CFCA1}.Release|Any CPU.ActiveCfg = Release|Any CPU
		{1DCC03AD-85CE-8A0A-44B7-F359E11CFCA1}.Release|Any CPU.Build.0 = Release|Any CPU
		{1DCC03AD-85CE-8A0A-44B7-F359E11CFCA1}.Release|x64.ActiveCfg = Release|Any CPU
		{1DCC03AD-85CE-8A0A-44B7-F359E11CFCA1}.Release|x64.Build.0 = Release|Any CPU
		{1DCC03AD-85CE-8A0A-44B7-F359E11CFCA1}.Release|x86.ActiveCfg = Release|Any CPU
		{1DCC03AD-85CE-8A0A-44B7-F359E11CFCA1}.Release|x86.Build.0 = Release|Any CPU
		{6815BB9C-FA54-77C2-1D26-A16E34D4DB68}.Debug|Any CPU.ActiveCfg = Debug|Any CPU
		{6815BB9C-FA54-77C2-1D26-A16E34D4DB68}.Debug|Any CPU.Build.0 = Debug|Any CPU
		{6815BB9C-FA54-77C2-1D26-A16E34D4DB68}.Debug|x64.ActiveCfg = Debug|Any CPU
		{6815BB9C-FA54-77C2-1D26-A16E34D4DB68}.Debug|x64.Build.0 = Debug|Any CPU
		{6815BB9C-FA54-77C2-1D26-A16E34D4DB68}.Debug|x86.ActiveCfg = Debug|Any CPU
		{6815BB9C-FA54-77C2-1D26-A16E34D4DB68}.Debug|x86.Build.0 = Debug|Any CPU
		{6815BB9C-FA54-77C2-1D26-A16E34D4DB68}.Release|Any CPU.ActiveCfg = Release|Any CPU
		{6815BB9C-FA54-77C2-1D26-A16E34D4DB68}.Release|Any CPU.Build.0 = Release|Any CPU
		{6815BB9C-FA54-77C2-1D26-A16E34D4DB68}.Release|x64.ActiveCfg = Release|Any CPU
		{6815BB9C-FA54-77C2-1D26-A16E34D4DB68}.Release|x64.Build.0 = Release|Any CPU
		{6815BB9C-FA54-77C2-1D26-A16E34D4DB68}.Release|x86.ActiveCfg = Release|Any CPU
		{6815BB9C-FA54-77C2-1D26-A16E34D4DB68}.Release|x86.Build.0 = Release|Any CPU
		{A3626C33-515F-41F2-9DFF-0746989D8D39}.Debug|Any CPU.ActiveCfg = Debug|Any CPU
		{A3626C33-515F-41F2-9DFF-0746989D8D39}.Debug|Any CPU.Build.0 = Debug|Any CPU
		{A3626C33-515F-41F2-9DFF-0746989D8D39}.Debug|x64.ActiveCfg = Debug|Any CPU
		{A3626C33-515F-41F2-9DFF-0746989D8D39}.Debug|x64.Build.0 = Debug|Any CPU
		{A3626C33-515F-41F2-9DFF-0746989D8D39}.Debug|x86.ActiveCfg = Debug|Any CPU
		{A3626C33-515F-41F2-9DFF-0746989D8D39}.Debug|x86.Build.0 = Debug|Any CPU
		{A3626C33-515F-41F2-9DFF-0746989D8D39}.Release|Any CPU.ActiveCfg = Release|Any CPU
		{A3626C33-515F-41F2-9DFF-0746989D8D39}.Release|Any CPU.Build.0 = Release|Any CPU
		{A3626C33-515F-41F2-9DFF-0746989D8D39}.Release|x64.ActiveCfg = Release|Any CPU
		{A3626C33-515F-41F2-9DFF-0746989D8D39}.Release|x64.Build.0 = Release|Any CPU
		{A3626C33-515F-41F2-9DFF-0746989D8D39}.Release|x86.ActiveCfg = Release|Any CPU
		{A3626C33-515F-41F2-9DFF-0746989D8D39}.Release|x86.Build.0 = Release|Any CPU
		{844AD025-C834-49EE-B916-F184970030A8}.Debug|Any CPU.ActiveCfg = Debug|Any CPU
		{844AD025-C834-49EE-B916-F184970030A8}.Debug|Any CPU.Build.0 = Debug|Any CPU
		{844AD025-C834-49EE-B916-F184970030A8}.Debug|x64.ActiveCfg = Debug|Any CPU
		{844AD025-C834-49EE-B916-F184970030A8}.Debug|x64.Build.0 = Debug|Any CPU
		{844AD025-C834-49EE-B916-F184970030A8}.Debug|x86.ActiveCfg = Debug|Any CPU
		{844AD025-C834-49EE-B916-F184970030A8}.Debug|x86.Build.0 = Debug|Any CPU
		{844AD025-C834-49EE-B916-F184970030A8}.Release|Any CPU.ActiveCfg = Release|Any CPU
		{844AD025-C834-49EE-B916-F184970030A8}.Release|Any CPU.Build.0 = Release|Any CPU
		{844AD025-C834-49EE-B916-F184970030A8}.Release|x64.ActiveCfg = Release|Any CPU
		{844AD025-C834-49EE-B916-F184970030A8}.Release|x64.Build.0 = Release|Any CPU
		{844AD025-C834-49EE-B916-F184970030A8}.Release|x86.ActiveCfg = Release|Any CPU
		{844AD025-C834-49EE-B916-F184970030A8}.Release|x86.Build.0 = Release|Any CPU
	EndGlobalSection
	GlobalSection(SolutionProperties) = preSolution
		HideSolutionNode = FALSE
	EndGlobalSection
	GlobalSection(NestedProjects) = preSolution
		{63882A7C-90E5-DEE3-63BB-E6ABDBC8A365} = {827E0CD3-B72D-47B6-A68D-7590B98EB39B}
		{A3626C33-515F-41F2-9DFF-0746989D8D39} = {63882A7C-90E5-DEE3-63BB-E6ABDBC8A365}
		{844AD025-C834-49EE-B916-F184970030A8} = {63882A7C-90E5-DEE3-63BB-E6ABDBC8A365}
	EndGlobalSection
EndGlobal
